
Microsoft Visual Studio Solution File, Format Version 12.00
# Visual Studio Version 17
VisualStudioVersion = 17.0.31903.59
MinimumVisualStudioVersion = 10.0.40219.1
Project("{9A19103F-16F7-4668-BE54-9A1E7A4F7556}") = "Colder.Logging.Abstractions", "src\Colder.Logging.Abstractions\Colder.Logging.Abstractions.csproj", "{B514FF79-D143-4ADE-A1EE-1DF929188AA7}"
EndProject
Project("{9A19103F-16F7-4668-BE54-9A1E7A4F7556}") = "Colder.Logging.Serilog", "src\Colder.Logging.Serilog\Colder.Logging.Serilog.csproj", "{DAFFC790-6E36-4624-8372-BE31AE684EC7}"
EndProject
Project("{2150E333-8FDC-42A3-9474-1A3956D46DE8}") = "demos", "demos", "{ACCF873E-B185-4FEA-8502-D5F708E42168}"
EndProject
Project("{9A19103F-16F7-4668-BE54-9A1E7A4F7556}") = "Demo.Common", "demos\Demo.Common\Demo.Common.csproj", "{FEC13662-54D5-4EAF-B6E5-4E14BA4475BD}"
EndProject
Project("{9A19103F-16F7-4668-BE54-9A1E7A4F7556}") = "Demo.Logging", "demos\Demo.Logging\Demo.Logging.csproj", "{4D9F6CC2-C44E-4DE4-9826-7A245CBCD8C9}"
EndProject
Project("{9A19103F-16F7-4668-BE54-9A1E7A4F7556}") = "Colder.MessageBus.Abstractions", "src\Colder.MessageBus.Abstractions\Colder.MessageBus.Abstractions.csproj", "{D992648F-AF77-46AA-A1D3-24DF7D7F2EC3}"
EndProject
Project("{2150E333-8FDC-42A3-9474-1A3956D46DE8}") = "tests", "tests", "{39C8131E-709C-4240-BF1C-48D88B53E4DE}"
EndProject
Project("{9A19103F-16F7-4668-BE54-9A1E7A4F7556}") = "Colder.MessageBus.MQTT", "src\Colder.MessageBus.MQTT\Colder.MessageBus.MQTT.csproj", "{D26E3E08-5F9D-408B-A7AA-A5D3BB6FBFDB}"
EndProject
Project("{9A19103F-16F7-4668-BE54-9A1E7A4F7556}") = "Colder.MessageBus.Hosting", "src\Colder.MessageBus.Hosting\Colder.MessageBus.Hosting.csproj", "{D0809548-5A85-4D29-9E54-0FA54621E008}"
EndProject
Project("{9A19103F-16F7-4668-BE54-9A1E7A4F7556}") = "Colder.MessageBus.InMemory", "src\Colder.MessageBus.InMemory\Colder.MessageBus.InMemory.csproj", "{21A3F8AB-3588-45BC-893B-DB56AC20A33B}"
EndProject
Project("{9A19103F-16F7-4668-BE54-9A1E7A4F7556}") = "Colder.Extentions", "src\Colder.Extentions\Colder.Extentions.csproj", "{92D4DEC7-6D6D-4CC9-BD76-01109865618A}"
EndProject
Project("{9A19103F-16F7-4668-BE54-9A1E7A4F7556}") = "Demo.MessageBus", "demos\Demo.MessageBus\Demo.MessageBus.csproj", "{CAC2BAF6-D968-473F-9239-11B17C32FDC6}"
EndProject
Project("{9A19103F-16F7-4668-BE54-9A1E7A4F7556}") = "Colder.DistributedLock.Abstractions", "src\Colder.DistributedLock.Abstractions\Colder.DistributedLock.Abstractions.csproj", "{BA38145B-3FA5-4C20-96C6-06088ECBD8F1}"
EndProject
Project("{9A19103F-16F7-4668-BE54-9A1E7A4F7556}") = "Colder.DistributedLock.InMemory", "src\Colder.DistributedLock.InMemory\Colder.DistributedLock.InMemory.csproj", "{5E2BFE70-FAC5-4F17-92E9-3F223FFB5C36}"
EndProject
Project("{9A19103F-16F7-4668-BE54-9A1E7A4F7556}") = "Colder.DistributedLock.Hosting", "src\Colder.DistributedLock.Hosting\Colder.DistributedLock.Hosting.csproj", "{5A5B3A74-F397-46DE-BE3B-DBA2F81BD460}"
EndProject
Project("{9A19103F-16F7-4668-BE54-9A1E7A4F7556}") = "Colder.Tests", "tests\Colder.Tests\Colder.Tests.csproj", "{B4D6F58D-89C7-4660-A7C6-9C8712B87E87}"
EndProject
Project("{9A19103F-16F7-4668-BE54-9A1E7A4F7556}") = "Colder.DistributedLock.Redis", "src\Colder.DistributedLock.Redis\Colder.DistributedLock.Redis.csproj", "{1CD5B881-FC66-4EC1-87B6-846F68FDFA9C}"
EndProject
Project("{9A19103F-16F7-4668-BE54-9A1E7A4F7556}") = "Demo.DistributedLock", "demos\Demo.DistributedLock\Demo.DistributedLock.csproj", "{66FD7051-1DCB-449A-B025-59E86D2D70AE}"
EndProject
Project("{2150E333-8FDC-42A3-9474-1A3956D46DE8}") = ".solution", ".solution", "{09E17F77-EE0E-4F5D-8815-2066641BBF6B}"
	ProjectSection(SolutionItems) = preProject
		.gitattributes = .gitattributes
		.gitignore = .gitignore
		Directory.Build.props = Directory.Build.props
		gitversion.yml = gitversion.yml
		LICENSE = LICENSE
		README.md = README.md
	EndProjectSection
EndProject
Project("{9A19103F-16F7-4668-BE54-9A1E7A4F7556}") = "Colder.Domain.Abstractions", "src\Colder.Domain.Abstractions\Colder.Domain.Abstractions.csproj", "{58F85FDC-929C-4C27-B405-ADC1E3C8A8D1}"
EndProject
Project("{2150E333-8FDC-42A3-9474-1A3956D46DE8}") = "components", "components", "{F9A5FCE5-9F2F-4F22-A618-5D11DB9E7237}"
EndProject
Project("{2150E333-8FDC-42A3-9474-1A3956D46DE8}") = "applications", "applications", "{73124509-E735-4527-A516-E406F86902C2}"
EndProject
Project("{9A19103F-16F7-4668-BE54-9A1E7A4F7556}") = "Colder.Infrastructure.Abstractions", "src\Colder.Infrastructure.Abstractions\Colder.Infrastructure.Abstractions.csproj", "{8B5B8D39-EFE3-4445-8F3C-BFACF9843348}"
EndProject
Project("{9A19103F-16F7-4668-BE54-9A1E7A4F7556}") = "Colder.Orleans.Hosting", "src\Colder.Orleans.Hosting\Colder.Orleans.Hosting.csproj", "{D10AB5F8-21C5-47B3-A88D-AE1A19459B5A}"
EndProject
Project("{9A19103F-16F7-4668-BE54-9A1E7A4F7556}") = "Demo.Orleans", "demos\Demo.Orleans\Demo.Orleans.csproj", "{65F72094-B20F-4825-AEF1-81291F15E901}"
EndProject
Project("{9A19103F-16F7-4668-BE54-9A1E7A4F7556}") = "Colder.DistributedId", "src\Colder.DistributedId\Colder.DistributedId.csproj", "{BC0F1419-04E2-4FF8-A8E4-33105EE0CC2C}"
EndProject
Project("{9A19103F-16F7-4668-BE54-9A1E7A4F7556}") = "Colder.Cache", "src\Colder.Cache\Colder.Cache.csproj", "{EAF82710-A521-4D7F-8114-39D1CC0A623A}"
EndProject
Project("{9A19103F-16F7-4668-BE54-9A1E7A4F7556}") = "Colder.Dependency", "src\Colder.Dependency\Colder.Dependency.csproj", "{F6C92C1B-A235-4CCE-B79E-7FDD57CF48A7}"
EndProject
Project("{9A19103F-16F7-4668-BE54-9A1E7A4F7556}") = "Colder.Json", "src\Colder.Json\Colder.Json.csproj", "{9BE5E09B-9AC2-46FD-8D98-A2ADA8511DBE}"
EndProject
Project("{9A19103F-16F7-4668-BE54-9A1E7A4F7556}") = "Domo.Console", "demos\Domo.Console\Domo.Console.csproj", "{A5A11F0C-4EE0-4F08-BC1C-7CB631B3F062}"
EndProject
Project("{9A19103F-16F7-4668-BE54-9A1E7A4F7556}") = "Colder.OpenService.Abstractions", "src\Colder.OpenService.Abstractions\Colder.OpenService.Abstractions.csproj", "{3F33D0A7-FFF6-44E6-B7B3-57D2B8A78BE4}"
EndProject
Project("{9A19103F-16F7-4668-BE54-9A1E7A4F7556}") = "Colder.OpenService.Hosting", "src\Colder.OpenService.Hosting\Colder.OpenService.Hosting.csproj", "{0D725BEA-B026-4FF5-B1F6-74E4E487F27B}"
EndProject
Project("{9A19103F-16F7-4668-BE54-9A1E7A4F7556}") = "Colder.OpenService.Client", "src\Colder.OpenService.Client\Colder.OpenService.Client.csproj", "{F136F6FE-DC82-4427-B161-E5AE768C21AC}"
EndProject
Project("{9A19103F-16F7-4668-BE54-9A1E7A4F7556}") = "Colder.Common", "src\Colder.Common\Colder.Common.csproj", "{7C803214-4388-4C4B-8215-132474150AD5}"
EndProject
Project("{9A19103F-16F7-4668-BE54-9A1E7A4F7556}") = "Colder.Common.Util", "src\Colder.Common.Util\Colder.Common.Util.csproj", "{AEA151C8-A5AF-43E1-ADD2-40275A6DC4BC}"
EndProject
Project("{9A19103F-16F7-4668-BE54-9A1E7A4F7556}") = "Colder.MessageBus.RabbitMQ", "src\Colder.MessageBus.RabbitMQ\Colder.MessageBus.RabbitMQ.csproj", "{675923F6-86D7-463C-A5FD-BCA3F1BD1DA5}"
EndProject
Project("{9A19103F-16F7-4668-BE54-9A1E7A4F7556}") = "Demo.OpenService.Server", "demos\Demo.OpenService.Server\Demo.OpenService.Server.csproj", "{E999AD9F-E3AE-4DE2-A314-6EC78F6F1CB7}"
EndProject
Project("{9A19103F-16F7-4668-BE54-9A1E7A4F7556}") = "Demo.OpenService.Common", "demos\Demo.OpenService.Common\Demo.OpenService.Common.csproj", "{928234B9-38E2-4B6F-827C-BFD26EB5EEEA}"
EndProject
Project("{9A19103F-16F7-4668-BE54-9A1E7A4F7556}") = "Demo.OpenService.Client", "demos\Demo.OpenService.Client\Demo.OpenService.Client.csproj", "{F681E5E1-7117-44ED-8C22-8E64168C0FA0}"
EndProject
Project("{9A19103F-16F7-4668-BE54-9A1E7A4F7556}") = "Colder.WebSockets.Abstractions", "src\Colder.WebSockets.Abstractions\Colder.WebSockets.Abstractions.csproj", "{30819D89-EB6F-4DD7-8588-78B2C252E68F}"
EndProject
Project("{9A19103F-16F7-4668-BE54-9A1E7A4F7556}") = "Colder.WebSockets.Server", "src\Colder.WebSockets.Server\Colder.WebSockets.Server.csproj", "{07F78768-F25F-48B4-99DA-787B98F2F126}"
EndProject
Project("{9A19103F-16F7-4668-BE54-9A1E7A4F7556}") = "Demo.WebSockets.Server", "demos\Demo.WebSockets.Server\Demo.WebSockets.Server.csproj", "{DCD29614-7882-4C25-AF9C-EDEE60D326E4}"
EndProject
Project("{9A19103F-16F7-4668-BE54-9A1E7A4F7556}") = "Colder.Api.Abstractions", "src\Colder.Api.Abstractions\Colder.Api.Abstractions.csproj", "{607EE5E5-D6C2-46CF-B3C1-E5377A2BFB25}"
EndProject
Project("{9A19103F-16F7-4668-BE54-9A1E7A4F7556}") = "Demo.AspnetCore", "demos\Demo.AspnetCore\Demo.AspnetCore.csproj", "{6A9C5392-A373-4A28-94FE-4FAEAC1F3801}"
EndProject
Project("{9A19103F-16F7-4668-BE54-9A1E7A4F7556}") = "Demo.DistributedId", "demos\Demo.DistributedId\Demo.DistributedId.csproj", "{E9F77A7A-5207-46EB-B0F7-221F50F58077}"
EndProject
Project("{9A19103F-16F7-4668-BE54-9A1E7A4F7556}") = "Colder.MessageBus.Redis", "src\Colder.MessageBus.Redis\Colder.MessageBus.Redis.csproj", "{70255D05-E355-4500-954E-5443C03F30EA}"
EndProject
Global
	GlobalSection(SolutionConfigurationPlatforms) = preSolution
		Debug|Any CPU = Debug|Any CPU
		Release|Any CPU = Release|Any CPU
	EndGlobalSection
	GlobalSection(ProjectConfigurationPlatforms) = postSolution
		{B514FF79-D143-4ADE-A1EE-1DF929188AA7}.Debug|Any CPU.ActiveCfg = Debug|Any CPU
		{B514FF79-D143-4ADE-A1EE-1DF929188AA7}.Debug|Any CPU.Build.0 = Debug|Any CPU
		{B514FF79-D143-4ADE-A1EE-1DF929188AA7}.Release|Any CPU.ActiveCfg = Release|Any CPU
		{B514FF79-D143-4ADE-A1EE-1DF929188AA7}.Release|Any CPU.Build.0 = Release|Any CPU
		{DAFFC790-6E36-4624-8372-BE31AE684EC7}.Debug|Any CPU.ActiveCfg = Debug|Any CPU
		{DAFFC790-6E36-4624-8372-BE31AE684EC7}.Debug|Any CPU.Build.0 = Debug|Any CPU
		{DAFFC790-6E36-4624-8372-BE31AE684EC7}.Release|Any CPU.ActiveCfg = Release|Any CPU
		{DAFFC790-6E36-4624-8372-BE31AE684EC7}.Release|Any CPU.Build.0 = Release|Any CPU
		{FEC13662-54D5-4EAF-B6E5-4E14BA4475BD}.Debug|Any CPU.ActiveCfg = Debug|Any CPU
		{FEC13662-54D5-4EAF-B6E5-4E14BA4475BD}.Debug|Any CPU.Build.0 = Debug|Any CPU
		{FEC13662-54D5-4EAF-B6E5-4E14BA4475BD}.Release|Any CPU.ActiveCfg = Release|Any CPU
		{FEC13662-54D5-4EAF-B6E5-4E14BA4475BD}.Release|Any CPU.Build.0 = Release|Any CPU
		{4D9F6CC2-C44E-4DE4-9826-7A245CBCD8C9}.Debug|Any CPU.ActiveCfg = Debug|Any CPU
		{4D9F6CC2-C44E-4DE4-9826-7A245CBCD8C9}.Debug|Any CPU.Build.0 = Debug|Any CPU
		{4D9F6CC2-C44E-4DE4-9826-7A245CBCD8C9}.Release|Any CPU.ActiveCfg = Release|Any CPU
		{4D9F6CC2-C44E-4DE4-9826-7A245CBCD8C9}.Release|Any CPU.Build.0 = Release|Any CPU
		{D992648F-AF77-46AA-A1D3-24DF7D7F2EC3}.Debug|Any CPU.ActiveCfg = Debug|Any CPU
		{D992648F-AF77-46AA-A1D3-24DF7D7F2EC3}.Debug|Any CPU.Build.0 = Debug|Any CPU
		{D992648F-AF77-46AA-A1D3-24DF7D7F2EC3}.Release|Any CPU.ActiveCfg = Release|Any CPU
		{D992648F-AF77-46AA-A1D3-24DF7D7F2EC3}.Release|Any CPU.Build.0 = Release|Any CPU
		{D26E3E08-5F9D-408B-A7AA-A5D3BB6FBFDB}.Debug|Any CPU.ActiveCfg = Debug|Any CPU
		{D26E3E08-5F9D-408B-A7AA-A5D3BB6FBFDB}.Debug|Any CPU.Build.0 = Debug|Any CPU
		{D26E3E08-5F9D-408B-A7AA-A5D3BB6FBFDB}.Release|Any CPU.ActiveCfg = Release|Any CPU
		{D26E3E08-5F9D-408B-A7AA-A5D3BB6FBFDB}.Release|Any CPU.Build.0 = Release|Any CPU
		{D0809548-5A85-4D29-9E54-0FA54621E008}.Debug|Any CPU.ActiveCfg = Debug|Any CPU
		{D0809548-5A85-4D29-9E54-0FA54621E008}.Debug|Any CPU.Build.0 = Debug|Any CPU
		{D0809548-5A85-4D29-9E54-0FA54621E008}.Release|Any CPU.ActiveCfg = Release|Any CPU
		{D0809548-5A85-4D29-9E54-0FA54621E008}.Release|Any CPU.Build.0 = Release|Any CPU
		{21A3F8AB-3588-45BC-893B-DB56AC20A33B}.Debug|Any CPU.ActiveCfg = Debug|Any CPU
		{21A3F8AB-3588-45BC-893B-DB56AC20A33B}.Debug|Any CPU.Build.0 = Debug|Any CPU
		{21A3F8AB-3588-45BC-893B-DB56AC20A33B}.Release|Any CPU.ActiveCfg = Release|Any CPU
		{21A3F8AB-3588-45BC-893B-DB56AC20A33B}.Release|Any CPU.Build.0 = Release|Any CPU
		{92D4DEC7-6D6D-4CC9-BD76-01109865618A}.Debug|Any CPU.ActiveCfg = Debug|Any CPU
		{92D4DEC7-6D6D-4CC9-BD76-01109865618A}.Debug|Any CPU.Build.0 = Debug|Any CPU
		{92D4DEC7-6D6D-4CC9-BD76-01109865618A}.Release|Any CPU.ActiveCfg = Release|Any CPU
		{92D4DEC7-6D6D-4CC9-BD76-01109865618A}.Release|Any CPU.Build.0 = Release|Any CPU
		{CAC2BAF6-D968-473F-9239-11B17C32FDC6}.Debug|Any CPU.ActiveCfg = Debug|Any CPU
		{CAC2BAF6-D968-473F-9239-11B17C32FDC6}.Debug|Any CPU.Build.0 = Debug|Any CPU
		{CAC2BAF6-D968-473F-9239-11B17C32FDC6}.Release|Any CPU.ActiveCfg = Release|Any CPU
		{CAC2BAF6-D968-473F-9239-11B17C32FDC6}.Release|Any CPU.Build.0 = Release|Any CPU
		{BA38145B-3FA5-4C20-96C6-06088ECBD8F1}.Debug|Any CPU.ActiveCfg = Debug|Any CPU
		{BA38145B-3FA5-4C20-96C6-06088ECBD8F1}.Debug|Any CPU.Build.0 = Debug|Any CPU
		{BA38145B-3FA5-4C20-96C6-06088ECBD8F1}.Release|Any CPU.ActiveCfg = Release|Any CPU
		{BA38145B-3FA5-4C20-96C6-06088ECBD8F1}.Release|Any CPU.Build.0 = Release|Any CPU
		{5E2BFE70-FAC5-4F17-92E9-3F223FFB5C36}.Debug|Any CPU.ActiveCfg = Debug|Any CPU
		{5E2BFE70-FAC5-4F17-92E9-3F223FFB5C36}.Debug|Any CPU.Build.0 = Debug|Any CPU
		{5E2BFE70-FAC5-4F17-92E9-3F223FFB5C36}.Release|Any CPU.ActiveCfg = Release|Any CPU
		{5E2BFE70-FAC5-4F17-92E9-3F223FFB5C36}.Release|Any CPU.Build.0 = Release|Any CPU
		{5A5B3A74-F397-46DE-BE3B-DBA2F81BD460}.Debug|Any CPU.ActiveCfg = Debug|Any CPU
		{5A5B3A74-F397-46DE-BE3B-DBA2F81BD460}.Debug|Any CPU.Build.0 = Debug|Any CPU
		{5A5B3A74-F397-46DE-BE3B-DBA2F81BD460}.Release|Any CPU.ActiveCfg = Release|Any CPU
		{5A5B3A74-F397-46DE-BE3B-DBA2F81BD460}.Release|Any CPU.Build.0 = Release|Any CPU
		{B4D6F58D-89C7-4660-A7C6-9C8712B87E87}.Debug|Any CPU.ActiveCfg = Debug|Any CPU
		{B4D6F58D-89C7-4660-A7C6-9C8712B87E87}.Debug|Any CPU.Build.0 = Debug|Any CPU
		{B4D6F58D-89C7-4660-A7C6-9C8712B87E87}.Release|Any CPU.ActiveCfg = Release|Any CPU
		{B4D6F58D-89C7-4660-A7C6-9C8712B87E87}.Release|Any CPU.Build.0 = Release|Any CPU
		{1CD5B881-FC66-4EC1-87B6-846F68FDFA9C}.Debug|Any CPU.ActiveCfg = Debug|Any CPU
		{1CD5B881-FC66-4EC1-87B6-846F68FDFA9C}.Debug|Any CPU.Build.0 = Debug|Any CPU
		{1CD5B881-FC66-4EC1-87B6-846F68FDFA9C}.Release|Any CPU.ActiveCfg = Release|Any CPU
		{1CD5B881-FC66-4EC1-87B6-846F68FDFA9C}.Release|Any CPU.Build.0 = Release|Any CPU
		{66FD7051-1DCB-449A-B025-59E86D2D70AE}.Debug|Any CPU.ActiveCfg = Debug|Any CPU
		{66FD7051-1DCB-449A-B025-59E86D2D70AE}.Debug|Any CPU.Build.0 = Debug|Any CPU
		{66FD7051-1DCB-449A-B025-59E86D2D70AE}.Release|Any CPU.ActiveCfg = Release|Any CPU
		{66FD7051-1DCB-449A-B025-59E86D2D70AE}.Release|Any CPU.Build.0 = Release|Any CPU
		{58F85FDC-929C-4C27-B405-ADC1E3C8A8D1}.Debug|Any CPU.ActiveCfg = Debug|Any CPU
		{58F85FDC-929C-4C27-B405-ADC1E3C8A8D1}.Debug|Any CPU.Build.0 = Debug|Any CPU
		{58F85FDC-929C-4C27-B405-ADC1E3C8A8D1}.Release|Any CPU.ActiveCfg = Release|Any CPU
		{58F85FDC-929C-4C27-B405-ADC1E3C8A8D1}.Release|Any CPU.Build.0 = Release|Any CPU
		{8B5B8D39-EFE3-4445-8F3C-BFACF9843348}.Debug|Any CPU.ActiveCfg = Debug|Any CPU
		{8B5B8D39-EFE3-4445-8F3C-BFACF9843348}.Debug|Any CPU.Build.0 = Debug|Any CPU
		{8B5B8D39-EFE3-4445-8F3C-BFACF9843348}.Release|Any CPU.ActiveCfg = Release|Any CPU
		{8B5B8D39-EFE3-4445-8F3C-BFACF9843348}.Release|Any CPU.Build.0 = Release|Any CPU
		{D10AB5F8-21C5-47B3-A88D-AE1A19459B5A}.Debug|Any CPU.ActiveCfg = Debug|Any CPU
		{D10AB5F8-21C5-47B3-A88D-AE1A19459B5A}.Debug|Any CPU.Build.0 = Debug|Any CPU
		{D10AB5F8-21C5-47B3-A88D-AE1A19459B5A}.Release|Any CPU.ActiveCfg = Release|Any CPU
		{D10AB5F8-21C5-47B3-A88D-AE1A19459B5A}.Release|Any CPU.Build.0 = Release|Any CPU
		{65F72094-B20F-4825-AEF1-81291F15E901}.Debug|Any CPU.ActiveCfg = Debug|Any CPU
		{65F72094-B20F-4825-AEF1-81291F15E901}.Debug|Any CPU.Build.0 = Debug|Any CPU
		{65F72094-B20F-4825-AEF1-81291F15E901}.Release|Any CPU.ActiveCfg = Release|Any CPU
		{65F72094-B20F-4825-AEF1-81291F15E901}.Release|Any CPU.Build.0 = Release|Any CPU
		{BC0F1419-04E2-4FF8-A8E4-33105EE0CC2C}.Debug|Any CPU.ActiveCfg = Debug|Any CPU
		{BC0F1419-04E2-4FF8-A8E4-33105EE0CC2C}.Debug|Any CPU.Build.0 = Debug|Any CPU
		{BC0F1419-04E2-4FF8-A8E4-33105EE0CC2C}.Release|Any CPU.ActiveCfg = Release|Any CPU
		{BC0F1419-04E2-4FF8-A8E4-33105EE0CC2C}.Release|Any CPU.Build.0 = Release|Any CPU
		{EAF82710-A521-4D7F-8114-39D1CC0A623A}.Debug|Any CPU.ActiveCfg = Debug|Any CPU
		{EAF82710-A521-4D7F-8114-39D1CC0A623A}.Debug|Any CPU.Build.0 = Debug|Any CPU
		{EAF82710-A521-4D7F-8114-39D1CC0A623A}.Release|Any CPU.ActiveCfg = Release|Any CPU
		{EAF82710-A521-4D7F-8114-39D1CC0A623A}.Release|Any CPU.Build.0 = Release|Any CPU
		{F6C92C1B-A235-4CCE-B79E-7FDD57CF48A7}.Debug|Any CPU.ActiveCfg = Debug|Any CPU
		{F6C92C1B-A235-4CCE-B79E-7FDD57CF48A7}.Debug|Any CPU.Build.0 = Debug|Any CPU
		{F6C92C1B-A235-4CCE-B79E-7FDD57CF48A7}.Release|Any CPU.ActiveCfg = Release|Any CPU
		{F6C92C1B-A235-4CCE-B79E-7FDD57CF48A7}.Release|Any CPU.Build.0 = Release|Any CPU
		{9BE5E09B-9AC2-46FD-8D98-A2ADA8511DBE}.Debug|Any CPU.ActiveCfg = Debug|Any CPU
		{9BE5E09B-9AC2-46FD-8D98-A2ADA8511DBE}.Debug|Any CPU.Build.0 = Debug|Any CPU
		{9BE5E09B-9AC2-46FD-8D98-A2ADA8511DBE}.Release|Any CPU.ActiveCfg = Release|Any CPU
		{9BE5E09B-9AC2-46FD-8D98-A2ADA8511DBE}.Release|Any CPU.Build.0 = Release|Any CPU
		{A5A11F0C-4EE0-4F08-BC1C-7CB631B3F062}.Debug|Any CPU.ActiveCfg = Debug|Any CPU
		{A5A11F0C-4EE0-4F08-BC1C-7CB631B3F062}.Debug|Any CPU.Build.0 = Debug|Any CPU
		{A5A11F0C-4EE0-4F08-BC1C-7CB631B3F062}.Release|Any CPU.ActiveCfg = Release|Any CPU
		{A5A11F0C-4EE0-4F08-BC1C-7CB631B3F062}.Release|Any CPU.Build.0 = Release|Any CPU
		{3F33D0A7-FFF6-44E6-B7B3-57D2B8A78BE4}.Debug|Any CPU.ActiveCfg = Debug|Any CPU
		{3F33D0A7-FFF6-44E6-B7B3-57D2B8A78BE4}.Debug|Any CPU.Build.0 = Debug|Any CPU
		{3F33D0A7-FFF6-44E6-B7B3-57D2B8A78BE4}.Release|Any CPU.ActiveCfg = Release|Any CPU
		{3F33D0A7-FFF6-44E6-B7B3-57D2B8A78BE4}.Release|Any CPU.Build.0 = Release|Any CPU
		{0D725BEA-B026-4FF5-B1F6-74E4E487F27B}.Debug|Any CPU.ActiveCfg = Debug|Any CPU
		{0D725BEA-B026-4FF5-B1F6-74E4E487F27B}.Debug|Any CPU.Build.0 = Debug|Any CPU
		{0D725BEA-B026-4FF5-B1F6-74E4E487F27B}.Release|Any CPU.ActiveCfg = Release|Any CPU
		{0D725BEA-B026-4FF5-B1F6-74E4E487F27B}.Release|Any CPU.Build.0 = Release|Any CPU
		{F136F6FE-DC82-4427-B161-E5AE768C21AC}.Debug|Any CPU.ActiveCfg = Debug|Any CPU
		{F136F6FE-DC82-4427-B161-E5AE768C21AC}.Debug|Any CPU.Build.0 = Debug|Any CPU
		{F136F6FE-DC82-4427-B161-E5AE768C21AC}.Release|Any CPU.ActiveCfg = Release|Any CPU
		{F136F6FE-DC82-4427-B161-E5AE768C21AC}.Release|Any CPU.Build.0 = Release|Any CPU
		{7C803214-4388-4C4B-8215-132474150AD5}.Debug|Any CPU.ActiveCfg = Debug|Any CPU
		{7C803214-4388-4C4B-8215-132474150AD5}.Debug|Any CPU.Build.0 = Debug|Any CPU
		{7C803214-4388-4C4B-8215-132474150AD5}.Release|Any CPU.ActiveCfg = Release|Any CPU
		{7C803214-4388-4C4B-8215-132474150AD5}.Release|Any CPU.Build.0 = Release|Any CPU
		{AEA151C8-A5AF-43E1-ADD2-40275A6DC4BC}.Debug|Any CPU.ActiveCfg = Debug|Any CPU
		{AEA151C8-A5AF-43E1-ADD2-40275A6DC4BC}.Debug|Any CPU.Build.0 = Debug|Any CPU
		{AEA151C8-A5AF-43E1-ADD2-40275A6DC4BC}.Release|Any CPU.ActiveCfg = Release|Any CPU
		{AEA151C8-A5AF-43E1-ADD2-40275A6DC4BC}.Release|Any CPU.Build.0 = Release|Any CPU
		{675923F6-86D7-463C-A5FD-BCA3F1BD1DA5}.Debug|Any CPU.ActiveCfg = Debug|Any CPU
		{675923F6-86D7-463C-A5FD-BCA3F1BD1DA5}.Debug|Any CPU.Build.0 = Debug|Any CPU
		{675923F6-86D7-463C-A5FD-BCA3F1BD1DA5}.Release|Any CPU.ActiveCfg = Release|Any CPU
		{675923F6-86D7-463C-A5FD-BCA3F1BD1DA5}.Release|Any CPU.Build.0 = Release|Any CPU
		{E999AD9F-E3AE-4DE2-A314-6EC78F6F1CB7}.Debug|Any CPU.ActiveCfg = Debug|Any CPU
		{E999AD9F-E3AE-4DE2-A314-6EC78F6F1CB7}.Debug|Any CPU.Build.0 = Debug|Any CPU
		{E999AD9F-E3AE-4DE2-A314-6EC78F6F1CB7}.Release|Any CPU.ActiveCfg = Release|Any CPU
		{E999AD9F-E3AE-4DE2-A314-6EC78F6F1CB7}.Release|Any CPU.Build.0 = Release|Any CPU
		{928234B9-38E2-4B6F-827C-BFD26EB5EEEA}.Debug|Any CPU.ActiveCfg = Debug|Any CPU
		{928234B9-38E2-4B6F-827C-BFD26EB5EEEA}.Debug|Any CPU.Build.0 = Debug|Any CPU
		{928234B9-38E2-4B6F-827C-BFD26EB5EEEA}.Release|Any CPU.ActiveCfg = Release|Any CPU
		{928234B9-38E2-4B6F-827C-BFD26EB5EEEA}.Release|Any CPU.Build.0 = Release|Any CPU
		{F681E5E1-7117-44ED-8C22-8E64168C0FA0}.Debug|Any CPU.ActiveCfg = Debug|Any CPU
		{F681E5E1-7117-44ED-8C22-8E64168C0FA0}.Debug|Any CPU.Build.0 = Debug|Any CPU
		{F681E5E1-7117-44ED-8C22-8E64168C0FA0}.Release|Any CPU.ActiveCfg = Release|Any CPU
		{F681E5E1-7117-44ED-8C22-8E64168C0FA0}.Release|Any CPU.Build.0 = Release|Any CPU
		{30819D89-EB6F-4DD7-8588-78B2C252E68F}.Debug|Any CPU.ActiveCfg = Debug|Any CPU
		{30819D89-EB6F-4DD7-8588-78B2C252E68F}.Debug|Any CPU.Build.0 = Debug|Any CPU
		{30819D89-EB6F-4DD7-8588-78B2C252E68F}.Release|Any CPU.ActiveCfg = Release|Any CPU
		{30819D89-EB6F-4DD7-8588-78B2C252E68F}.Release|Any CPU.Build.0 = Release|Any CPU
		{07F78768-F25F-48B4-99DA-787B98F2F126}.Debug|Any CPU.ActiveCfg = Debug|Any CPU
		{07F78768-F25F-48B4-99DA-787B98F2F126}.Debug|Any CPU.Build.0 = Debug|Any CPU
		{07F78768-F25F-48B4-99DA-787B98F2F126}.Release|Any CPU.ActiveCfg = Release|Any CPU
		{07F78768-F25F-48B4-99DA-787B98F2F126}.Release|Any CPU.Build.0 = Release|Any CPU
		{DCD29614-7882-4C25-AF9C-EDEE60D326E4}.Debug|Any CPU.ActiveCfg = Debug|Any CPU
		{DCD29614-7882-4C25-AF9C-EDEE60D326E4}.Debug|Any CPU.Build.0 = Debug|Any CPU
		{DCD29614-7882-4C25-AF9C-EDEE60D326E4}.Release|Any CPU.ActiveCfg = Release|Any CPU
		{DCD29614-7882-4C25-AF9C-EDEE60D326E4}.Release|Any CPU.Build.0 = Release|Any CPU
		{607EE5E5-D6C2-46CF-B3C1-E5377A2BFB25}.Debug|Any CPU.ActiveCfg = Debug|Any CPU
		{607EE5E5-D6C2-46CF-B3C1-E5377A2BFB25}.Debug|Any CPU.Build.0 = Debug|Any CPU
		{607EE5E5-D6C2-46CF-B3C1-E5377A2BFB25}.Release|Any CPU.ActiveCfg = Release|Any CPU
		{607EE5E5-D6C2-46CF-B3C1-E5377A2BFB25}.Release|Any CPU.Build.0 = Release|Any CPU
		{6A9C5392-A373-4A28-94FE-4FAEAC1F3801}.Debug|Any CPU.ActiveCfg = Debug|Any CPU
		{6A9C5392-A373-4A28-94FE-4FAEAC1F3801}.Debug|Any CPU.Build.0 = Debug|Any CPU
		{6A9C5392-A373-4A28-94FE-4FAEAC1F3801}.Release|Any CPU.ActiveCfg = Release|Any CPU
		{6A9C5392-A373-4A28-94FE-4FAEAC1F3801}.Release|Any CPU.Build.0 = Release|Any CPU
		{E9F77A7A-5207-46EB-B0F7-221F50F58077}.Debug|Any CPU.ActiveCfg = Debug|Any CPU
		{E9F77A7A-5207-46EB-B0F7-221F50F58077}.Debug|Any CPU.Build.0 = Debug|Any CPU
		{E9F77A7A-5207-46EB-B0F7-221F50F58077}.Release|Any CPU.ActiveCfg = Release|Any CPU
		{E9F77A7A-5207-46EB-B0F7-221F50F58077}.Release|Any CPU.Build.0 = Release|Any CPU
		{70255D05-E355-4500-954E-5443C03F30EA}.Debug|Any CPU.ActiveCfg = Debug|Any CPU
		{70255D05-E355-4500-954E-5443C03F30EA}.Debug|Any CPU.Build.0 = Debug|Any CPU
		{70255D05-E355-4500-954E-5443C03F30EA}.Release|Any CPU.ActiveCfg = Release|Any CPU
		{70255D05-E355-4500-954E-5443C03F30EA}.Release|Any CPU.Build.0 = Release|Any CPU
	EndGlobalSection
	GlobalSection(SolutionProperties) = preSolution
		HideSolutionNode = FALSE
	EndGlobalSection
	GlobalSection(NestedProjects) = preSolution
		{B514FF79-D143-4ADE-A1EE-1DF929188AA7} = {F9A5FCE5-9F2F-4F22-A618-5D11DB9E7237}
		{DAFFC790-6E36-4624-8372-BE31AE684EC7} = {F9A5FCE5-9F2F-4F22-A618-5D11DB9E7237}
		{FEC13662-54D5-4EAF-B6E5-4E14BA4475BD} = {ACCF873E-B185-4FEA-8502-D5F708E42168}
		{4D9F6CC2-C44E-4DE4-9826-7A245CBCD8C9} = {ACCF873E-B185-4FEA-8502-D5F708E42168}
		{D992648F-AF77-46AA-A1D3-24DF7D7F2EC3} = {F9A5FCE5-9F2F-4F22-A618-5D11DB9E7237}
		{D26E3E08-5F9D-408B-A7AA-A5D3BB6FBFDB} = {F9A5FCE5-9F2F-4F22-A618-5D11DB9E7237}
		{D0809548-5A85-4D29-9E54-0FA54621E008} = {F9A5FCE5-9F2F-4F22-A618-5D11DB9E7237}
		{21A3F8AB-3588-45BC-893B-DB56AC20A33B} = {F9A5FCE5-9F2F-4F22-A618-5D11DB9E7237}
		{92D4DEC7-6D6D-4CC9-BD76-01109865618A} = {F9A5FCE5-9F2F-4F22-A618-5D11DB9E7237}
		{CAC2BAF6-D968-473F-9239-11B17C32FDC6} = {ACCF873E-B185-4FEA-8502-D5F708E42168}
		{BA38145B-3FA5-4C20-96C6-06088ECBD8F1} = {F9A5FCE5-9F2F-4F22-A618-5D11DB9E7237}
		{5E2BFE70-FAC5-4F17-92E9-3F223FFB5C36} = {F9A5FCE5-9F2F-4F22-A618-5D11DB9E7237}
		{5A5B3A74-F397-46DE-BE3B-DBA2F81BD460} = {F9A5FCE5-9F2F-4F22-A618-5D11DB9E7237}
		{B4D6F58D-89C7-4660-A7C6-9C8712B87E87} = {39C8131E-709C-4240-BF1C-48D88B53E4DE}
		{1CD5B881-FC66-4EC1-87B6-846F68FDFA9C} = {F9A5FCE5-9F2F-4F22-A618-5D11DB9E7237}
		{66FD7051-1DCB-449A-B025-59E86D2D70AE} = {ACCF873E-B185-4FEA-8502-D5F708E42168}
		{58F85FDC-929C-4C27-B405-ADC1E3C8A8D1} = {73124509-E735-4527-A516-E406F86902C2}
		{8B5B8D39-EFE3-4445-8F3C-BFACF9843348} = {73124509-E735-4527-A516-E406F86902C2}
		{D10AB5F8-21C5-47B3-A88D-AE1A19459B5A} = {F9A5FCE5-9F2F-4F22-A618-5D11DB9E7237}
		{65F72094-B20F-4825-AEF1-81291F15E901} = {ACCF873E-B185-4FEA-8502-D5F708E42168}
		{BC0F1419-04E2-4FF8-A8E4-33105EE0CC2C} = {F9A5FCE5-9F2F-4F22-A618-5D11DB9E7237}
		{EAF82710-A521-4D7F-8114-39D1CC0A623A} = {F9A5FCE5-9F2F-4F22-A618-5D11DB9E7237}
		{F6C92C1B-A235-4CCE-B79E-7FDD57CF48A7} = {F9A5FCE5-9F2F-4F22-A618-5D11DB9E7237}
		{9BE5E09B-9AC2-46FD-8D98-A2ADA8511DBE} = {F9A5FCE5-9F2F-4F22-A618-5D11DB9E7237}
		{A5A11F0C-4EE0-4F08-BC1C-7CB631B3F062} = {ACCF873E-B185-4FEA-8502-D5F708E42168}
		{3F33D0A7-FFF6-44E6-B7B3-57D2B8A78BE4} = {F9A5FCE5-9F2F-4F22-A618-5D11DB9E7237}
		{0D725BEA-B026-4FF5-B1F6-74E4E487F27B} = {F9A5FCE5-9F2F-4F22-A618-5D11DB9E7237}
		{F136F6FE-DC82-4427-B161-E5AE768C21AC} = {F9A5FCE5-9F2F-4F22-A618-5D11DB9E7237}
		{7C803214-4388-4C4B-8215-132474150AD5} = {F9A5FCE5-9F2F-4F22-A618-5D11DB9E7237}
		{AEA151C8-A5AF-43E1-ADD2-40275A6DC4BC} = {F9A5FCE5-9F2F-4F22-A618-5D11DB9E7237}
		{675923F6-86D7-463C-A5FD-BCA3F1BD1DA5} = {F9A5FCE5-9F2F-4F22-A618-5D11DB9E7237}
		{E999AD9F-E3AE-4DE2-A314-6EC78F6F1CB7} = {ACCF873E-B185-4FEA-8502-D5F708E42168}
		{928234B9-38E2-4B6F-827C-BFD26EB5EEEA} = {ACCF873E-B185-4FEA-8502-D5F708E42168}
		{F681E5E1-7117-44ED-8C22-8E64168C0FA0} = {ACCF873E-B185-4FEA-8502-D5F708E42168}
		{30819D89-EB6F-4DD7-8588-78B2C252E68F} = {F9A5FCE5-9F2F-4F22-A618-5D11DB9E7237}
		{07F78768-F25F-48B4-99DA-787B98F2F126} = {F9A5FCE5-9F2F-4F22-A618-5D11DB9E7237}
		{DCD29614-7882-4C25-AF9C-EDEE60D326E4} = {ACCF873E-B185-4FEA-8502-D5F708E42168}
		{607EE5E5-D6C2-46CF-B3C1-E5377A2BFB25} = {73124509-E735-4527-A516-E406F86902C2}
		{6A9C5392-A373-4A28-94FE-4FAEAC1F3801} = {ACCF873E-B185-4FEA-8502-D5F708E42168}
		{E9F77A7A-5207-46EB-B0F7-221F50F58077} = {ACCF873E-B185-4FEA-8502-D5F708E42168}
		{70255D05-E355-4500-954E-5443C03F30EA} = {F9A5FCE5-9F2F-4F22-A618-5D11DB9E7237}
	EndGlobalSection
	GlobalSection(ExtensibilityGlobals) = postSolution
		SolutionGuid = {817CE001-2A40-4054-B349-ECDB5986C92E}
	EndGlobalSection
EndGlobal
