
Microsoft Visual Studio Solution File, Format Version 12.00
# Visual Studio Version 16
VisualStudioVersion = 16.0.30413.136
MinimumVisualStudioVersion = 10.0.40219.1
Project("{9A19103F-16F7-4668-BE54-9A1E7A4F7556}") = "Colder.Logging.Abstractions", "src\Colder.Logging.Abstractions\Colder.Logging.Abstractions.csproj", "{B514FF79-D143-4ADE-A1EE-1DF929188AA7}"
EndProject
Project("{9A19103F-16F7-4668-BE54-9A1E7A4F7556}") = "Colder.Logging.Serilog", "src\Colder.Logging.Serilog\Colder.Logging.Serilog.csproj", "{DAFFC790-6E36-4624-8372-BE31AE684EC7}"
EndProject
Project("{2150E333-8FDC-42A3-9474-1A3956D46DE8}") = "demos", "demos", "{ACCF873E-B185-4FEA-8502-D5F708E42168}"
EndProject
Project("{9A19103F-16F7-4668-BE54-9A1E7A4F7556}") = "Demo.Common", "demos\Demo.Common\Demo.Common.csproj", "{FEC13662-54D5-4EAF-B6E5-4E14BA4475BD}"
EndProject
Project("{9A19103F-16F7-4668-BE54-9A1E7A4F7556}") = "Demo.Logging", "demos\Demo.Logging\Demo.Logging.csproj", "{4D9F6CC2-C44E-4DE4-9826-7A245CBCD8C9}"
EndProject
Project("{9A19103F-16F7-4668-BE54-9A1E7A4F7556}") = "Demo.MessageBus.Consumer", "demos\Demo.MessageBus.Consumer\Demo.MessageBus.Consumer.csproj", "{BBF8F209-0526-4A55-9D2A-7D54FABF4AE2}"
EndProject
Project("{9A19103F-16F7-4668-BE54-9A1E7A4F7556}") = "Demo.MessageBus.Producer", "demos\Demo.MessageBus.Producer\Demo.MessageBus.Producer.csproj", "{7DCBE8EF-30D6-47AA-B518-F759F3999B47}"
EndProject
Project("{9A19103F-16F7-4668-BE54-9A1E7A4F7556}") = "Colder.MessageBus.Abstractions", "src\Colder.MessageBus.Abstractions\Colder.MessageBus.Abstractions.csproj", "{D992648F-AF77-46AA-A1D3-24DF7D7F2EC3}"
EndProject
Project("{9A19103F-16F7-4668-BE54-9A1E7A4F7556}") = "Colder.MessageBus.MassTransit", "src\Colder.MessageBus.MassTransit\Colder.MessageBus.MassTransit.csproj", "{72A99E3C-9134-4103-8D3E-F28FB63B7B0E}"
EndProject
Project("{9A19103F-16F7-4668-BE54-9A1E7A4F7556}") = "Colder.CommonUtil", "src\Colder.CommonUtil\Colder.CommonUtil.csproj", "{55581DAA-76D8-4279-A7FB-61F98A2EA66B}"
EndProject
Global
	GlobalSection(SolutionConfigurationPlatforms) = preSolution
		Debug|Any CPU = Debug|Any CPU
		Release|Any CPU = Release|Any CPU
	EndGlobalSection
	GlobalSection(ProjectConfigurationPlatforms) = postSolution
		{B514FF79-D143-4ADE-A1EE-1DF929188AA7}.Debug|Any CPU.ActiveCfg = Debug|Any CPU
		{B514FF79-D143-4ADE-A1EE-1DF929188AA7}.Debug|Any CPU.Build.0 = Debug|Any CPU
		{B514FF79-D143-4ADE-A1EE-1DF929188AA7}.Release|Any CPU.ActiveCfg = Release|Any CPU
		{B514FF79-D143-4ADE-A1EE-1DF929188AA7}.Release|Any CPU.Build.0 = Release|Any CPU
		{DAFFC790-6E36-4624-8372-BE31AE684EC7}.Debug|Any CPU.ActiveCfg = Debug|Any CPU
		{DAFFC790-6E36-4624-8372-BE31AE684EC7}.Debug|Any CPU.Build.0 = Debug|Any CPU
		{DAFFC790-6E36-4624-8372-BE31AE684EC7}.Release|Any CPU.ActiveCfg = Release|Any CPU
		{DAFFC790-6E36-4624-8372-BE31AE684EC7}.Release|Any CPU.Build.0 = Release|Any CPU
		{FEC13662-54D5-4EAF-B6E5-4E14BA4475BD}.Debug|Any CPU.ActiveCfg = Debug|Any CPU
		{FEC13662-54D5-4EAF-B6E5-4E14BA4475BD}.Debug|Any CPU.Build.0 = Debug|Any CPU
		{FEC13662-54D5-4EAF-B6E5-4E14BA4475BD}.Release|Any CPU.ActiveCfg = Release|Any CPU
		{FEC13662-54D5-4EAF-B6E5-4E14BA4475BD}.Release|Any CPU.Build.0 = Release|Any CPU
		{4D9F6CC2-C44E-4DE4-9826-7A245CBCD8C9}.Debug|Any CPU.ActiveCfg = Debug|Any CPU
		{4D9F6CC2-C44E-4DE4-9826-7A245CBCD8C9}.Debug|Any CPU.Build.0 = Debug|Any CPU
		{4D9F6CC2-C44E-4DE4-9826-7A245CBCD8C9}.Release|Any CPU.ActiveCfg = Release|Any CPU
		{4D9F6CC2-C44E-4DE4-9826-7A245CBCD8C9}.Release|Any CPU.Build.0 = Release|Any CPU
		{BBF8F209-0526-4A55-9D2A-7D54FABF4AE2}.Debug|Any CPU.ActiveCfg = Debug|Any CPU
		{BBF8F209-0526-4A55-9D2A-7D54FABF4AE2}.Debug|Any CPU.Build.0 = Debug|Any CPU
		{BBF8F209-0526-4A55-9D2A-7D54FABF4AE2}.Release|Any CPU.ActiveCfg = Release|Any CPU
		{BBF8F209-0526-4A55-9D2A-7D54FABF4AE2}.Release|Any CPU.Build.0 = Release|Any CPU
		{7DCBE8EF-30D6-47AA-B518-F759F3999B47}.Debug|Any CPU.ActiveCfg = Debug|Any CPU
		{7DCBE8EF-30D6-47AA-B518-F759F3999B47}.Debug|Any CPU.Build.0 = Debug|Any CPU
		{7DCBE8EF-30D6-47AA-B518-F759F3999B47}.Release|Any CPU.ActiveCfg = Release|Any CPU
		{7DCBE8EF-30D6-47AA-B518-F759F3999B47}.Release|Any CPU.Build.0 = Release|Any CPU
		{D992648F-AF77-46AA-A1D3-24DF7D7F2EC3}.Debug|Any CPU.ActiveCfg = Debug|Any CPU
		{D992648F-AF77-46AA-A1D3-24DF7D7F2EC3}.Debug|Any CPU.Build.0 = Debug|Any CPU
		{D992648F-AF77-46AA-A1D3-24DF7D7F2EC3}.Release|Any CPU.ActiveCfg = Release|Any CPU
		{D992648F-AF77-46AA-A1D3-24DF7D7F2EC3}.Release|Any CPU.Build.0 = Release|Any CPU
		{72A99E3C-9134-4103-8D3E-F28FB63B7B0E}.Debug|Any CPU.ActiveCfg = Debug|Any CPU
		{72A99E3C-9134-4103-8D3E-F28FB63B7B0E}.Debug|Any CPU.Build.0 = Debug|Any CPU
		{72A99E3C-9134-4103-8D3E-F28FB63B7B0E}.Release|Any CPU.ActiveCfg = Release|Any CPU
		{72A99E3C-9134-4103-8D3E-F28FB63B7B0E}.Release|Any CPU.Build.0 = Release|Any CPU
		{55581DAA-76D8-4279-A7FB-61F98A2EA66B}.Debug|Any CPU.ActiveCfg = Debug|Any CPU
		{55581DAA-76D8-4279-A7FB-61F98A2EA66B}.Debug|Any CPU.Build.0 = Debug|Any CPU
		{55581DAA-76D8-4279-A7FB-61F98A2EA66B}.Release|Any CPU.ActiveCfg = Release|Any CPU
		{55581DAA-76D8-4279-A7FB-61F98A2EA66B}.Release|Any CPU.Build.0 = Release|Any CPU
	EndGlobalSection
	GlobalSection(SolutionProperties) = preSolution
		HideSolutionNode = FALSE
	EndGlobalSection
	GlobalSection(NestedProjects) = preSolution
		{FEC13662-54D5-4EAF-B6E5-4E14BA4475BD} = {ACCF873E-B185-4FEA-8502-D5F708E42168}
		{4D9F6CC2-C44E-4DE4-9826-7A245CBCD8C9} = {ACCF873E-B185-4FEA-8502-D5F708E42168}
		{BBF8F209-0526-4A55-9D2A-7D54FABF4AE2} = {ACCF873E-B185-4FEA-8502-D5F708E42168}
		{7DCBE8EF-30D6-47AA-B518-F759F3999B47} = {ACCF873E-B185-4FEA-8502-D5F708E42168}
	EndGlobalSection
	GlobalSection(ExtensibilityGlobals) = postSolution
		SolutionGuid = {817CE001-2A40-4054-B349-ECDB5986C92E}
	EndGlobalSection
EndGlobal
